
Microsoft Visual Studio Solution File, Format Version 12.00
# Visual Studio 15
VisualStudioVersion = 15.0.28307.572
MinimumVisualStudioVersion = 10.0.40219.1
Project("{8BC9CEB8-8B4A-11D0-8D11-00A0C91BC942}") = "JackCompiler", "JackCompiler\JackCompiler.vcxproj", "{A016FCC3-CE1C-44D4-BEC4-617418D16BDD}"
EndProject
Global
	GlobalSection(SolutionConfigurationPlatforms) = preSolution
		Debug|x64 = Debug|x64
		Debug|x86 = Debug|x86
		Release|x64 = Release|x64
		Release|x86 = Release|x86
	EndGlobalSection
	GlobalSection(ProjectConfigurationPlatforms) = postSolution
		{A016FCC3-CE1C-44D4-BEC4-617418D16BDD}.Debug|x64.ActiveCfg = Debug|x64
		{A016FCC3-CE1C-44D4-BEC4-617418D16BDD}.Debug|x64.Build.0 = Debug|x64
		{A016FCC3-CE1C-44D4-BEC4-617418D16BDD}.Debug|x86.ActiveCfg = Debug|Win32
		{A016FCC3-CE1C-44D4-BEC4-617418D16BDD}.Debug|x86.Build.0 = Debug|Win32
		{A016FCC3-CE1C-44D4-BEC4-617418D16BDD}.Release|x64.ActiveCfg = Release|x64
		{A016FCC3-CE1C-44D4-BEC4-617418D16BDD}.Release|x64.Build.0 = Release|x64
		{A016FCC3-CE1C-44D4-BEC4-617418D16BDD}.Release|x86.ActiveCfg = Release|Win32
		{A016FCC3-CE1C-44D4-BEC4-617418D16BDD}.Release|x86.Build.0 = Release|Win32
	EndGlobalSection
	GlobalSection(SolutionProperties) = preSolution
		HideSolutionNode = FALSE
	EndGlobalSection
	GlobalSection(ExtensibilityGlobals) = postSolution
		SolutionGuid = {B007A5C6-83E6-4E38-8249-55E4784B4D9D}
	EndGlobalSection
EndGlobal
